// !$*UTF8*$!
{
	archiveVersion = 1;
	classes = {
	};
	objectVersion = 46;
	objects = {

/* Begin PBXBuildFile section */
		A066E5371CFD91820071F624 /* main.m in Sources */ = {isa = PBXBuildFile; fileRef = A066E5361CFD91820071F624 /* main.m */; };
		A066E53A1CFD91820071F624 /* AppDelegate.m in Sources */ = {isa = PBXBuildFile; fileRef = A066E5391CFD91820071F624 /* AppDelegate.m */; };
		A066E53D1CFD91820071F624 /* ViewController.m in Sources */ = {isa = PBXBuildFile; fileRef = A066E53C1CFD91820071F624 /* ViewController.m */; };
		A066E5401CFD91820071F624 /* Main.storyboard in Resources */ = {isa = PBXBuildFile; fileRef = A066E53E1CFD91820071F624 /* Main.storyboard */; };
		A066E5421CFD91820071F624 /* Assets.xcassets in Resources */ = {isa = PBXBuildFile; fileRef = A066E5411CFD91820071F624 /* Assets.xcassets */; };
		A066E5451CFD91820071F624 /* LaunchScreen.storyboard in Resources */ = {isa = PBXBuildFile; fileRef = A066E5431CFD91820071F624 /* LaunchScreen.storyboard */; };
/* End PBXBuildFile section */

/* Begin PBXFileReference section */
		A066E5321CFD91810071F624 /* QYMusicPlay.app */ = {isa = PBXFileReference; explicitFileType = wrapper.application; includeInIndex = 0; path = QYMusicPlay.app; sourceTree = BUILT_PRODUCTS_DIR; };
		A066E5361CFD91820071F624 /* main.m */ = {isa = PBXFileReference; lastKnownFileType = sourcecode.c.objc; path = main.m; sourceTree = "<group>"; };
		A066E5381CFD91820071F624 /* AppDelegate.h */ = {isa = PBXFileReference; lastKnownFileType = sourcecode.c.h; path = AppDelegate.h; sourceTree = "<group>"; };
		A066E5391CFD91820071F624 /* AppDelegate.m */ = {isa = PBXFileReference; lastKnownFileType = sourcecode.c.objc; path = AppDelegate.m; sourceTree = "<group>"; };
		A066E53B1CFD91820071F624 /* ViewController.h */ = {isa = PBXFileReference; lastKnownFileType = sourcecode.c.h; path = ViewController.h; sourceTree = "<group>"; };
		A066E53C1CFD91820071F624 /* ViewController.m */ = {isa = PBXFileReference; lastKnownFileType = sourcecode.c.objc; path = ViewController.m; sourceTree = "<group>"; };
		A066E53F1CFD91820071F624 /* Base */ = {isa = PBXFileReference; lastKnownFileType = file.storyboard; name = Base; path = Base.lproj/Main.storyboard; sourceTree = "<group>"; };
		A066E5411CFD91820071F624 /* Assets.xcassets */ = {isa = PBXFileReference; lastKnownFileType = folder.assetcatalog; path = Assets.xcassets; sourceTree = "<group>"; };
		A066E5441CFD91820071F624 /* Base */ = {isa = PBXFileReference; lastKnownFileType = file.storyboard; name = Base; path = Base.lproj/LaunchScreen.storyboard; sourceTree = "<group>"; };
		A066E5461CFD91820071F624 /* Info.plist */ = {isa = PBXFileReference; lastKnownFileType = text.plist.xml; path = Info.plist; sourceTree = "<group>"; };
/* End PBXFileReference section */

/* Begin PBXFrameworksBuildPhase section */
		A066E52F1CFD91810071F624 /* Frameworks */ = {
			isa = PBXFrameworksBuildPhase;
			buildActionMask = 2147483647;
			files = (
			);
			runOnlyForDeploymentPostprocessing = 0;
		};
/* End PBXFrameworksBuildPhase section */

/* Begin PBXGroup section */
		A066E5291CFD91810071F624 = {
			isa = PBXGroup;
			children = (
				A066E5341CFD91820071F624 /* QYMusicPlay */,
				A066E5331CFD91810071F624 /* Products */,
			);
			sourceTree = "<group>";
		};
		A066E5331CFD91810071F624 /* Products */ = {
			isa = PBXGroup;
			children = (
				A066E5321CFD91810071F624 /* QYMusicPlay.app */,
			);
			name = Products;
			sourceTree = "<group>";
		};
		A066E5341CFD91820071F624 /* QYMusicPlay */ = {
			isa = PBXGroup;
			children = (
				A066E5381CFD91820071F624 /* AppDelegate.h */,
				A066E5391CFD91820071F624 /* AppDelegate.m */,
				A066E53B1CFD91820071F624 /* ViewController.h */,
				A066E53C1CFD91820071F624 /* ViewController.m */,
				A066E53E1CFD91820071F624 /* Main.storyboard */,
				A066E5411CFD91820071F624 /* Assets.xcassets */,
				A066E5431CFD91820071F624 /* LaunchScreen.storyboard */,
				A066E5461CFD91820071F624 /* Info.plist */,
				A066E5351CFD91820071F624 /* Supporting Files */,
			);
			path = QYMusicPlay;
			sourceTree = "<group>";
		};
		A066E5351CFD91820071F624 /* Supporting Files */ = {
			isa = PBXGroup;
			children = (
				A066E5361CFD91820071F624 /* main.m */,
			);
			name = "Supporting Files";
			sourceTree = "<group>";
		};
/* End PBXGroup section */

/* Begin PBXNativeTarget section */
		A066E5311CFD91810071F624 /* QYMusicPlay */ = {
			isa = PBXNativeTarget;
			buildConfigurationList = A066E5491CFD91820071F624 /* Build configuration list for PBXNativeTarget "QYMusicPlay" */;
			buildPhases = (
				A066E52E1CFD91810071F624 /* Sources */,
				A066E52F1CFD91810071F624 /* Frameworks */,
				A066E5301CFD91810071F624 /* Resources */,
			);
			buildRules = (
			);
			dependencies = (
			);
			name = QYMusicPlay;
			productName = QYMusicPlay;
			productReference = A066E5321CFD91810071F624 /* QYMusicPlay.app */;
			productType = "com.apple.product-type.application";
		};
/* End PBXNativeTarget section */

/* Begin PBXProject section */
		A066E52A1CFD91810071F624 /* Project object */ = {
			isa = PBXProject;
			attributes = {
				LastUpgradeCheck = 0730;
				ORGANIZATIONNAME = liuming;
				TargetAttributes = {
					A066E5311CFD91810071F624 = {
						CreatedOnToolsVersion = 7.3;
					};
				};
			};
			buildConfigurationList = A066E52D1CFD91810071F624 /* Build configuration list for PBXProject "QYMusicPlay" */;
			compatibilityVersion = "Xcode 3.2";
			developmentRegion = English;
			hasScannedForEncodings = 0;
			knownRegions = (
				en,
				Base,
			);
			mainGroup = A066E5291CFD91810071F624;
			productRefGroup = A066E5331CFD91810071F624 /* Products */;
			projectDirPath = "";
			projectRoot = "";
			targets = (
				A066E5311CFD91810071F624 /* QYMusicPlay */,
			);
		};
/* End PBXProject section */

/* Begin PBXResourcesBuildPhase section */
		A066E5301CFD91810071F624 /* Resources */ = {
			isa = PBXResourcesBuildPhase;
			buildActionMask = 2147483647;
			files = (
				A066E5451CFD91820071F624 /* LaunchScreen.storyboard in Resources */,
				A066E5421CFD91820071F624 /* Assets.xcassets in Resources */,
				A066E5401CFD91820071F624 /* Main.storyboard in Resources */,
			);
			runOnlyForDeploymentPostprocessing = 0;
		};
/* End PBXResourcesBuildPhase section */

/* Begin PBXSourcesBuildPhase section */
		A066E52E1CFD91810071F624 /* Sources */ = {
			isa = PBXSourcesBuildPhase;
			buildActionMask = 2147483647;
			files = (
				A066E53D1CFD91820071F624 /* ViewController.m in Sources */,
				A066E53A1CFD91820071F624 /* AppDelegate.m in Sources */,
				A066E5371CFD91820071F624 /* main.m in Sources */,
			);
			runOnlyForDeploymentPostprocessing = 0;
		};
/* End PBXSourcesBuildPhase section */

/* Begin PBXVariantGroup section */
		A066E53E1CFD91820071F624 /* Main.storyboard */ = {
			isa = PBXVariantGroup;
			children = (
				A066E53F1CFD91820071F624 /* Base */,
			);
			name = Main.storyboard;
			sourceTree = "<group>";
		};
		A066E5431CFD91820071F624 /* LaunchScreen.storyboard */ = {
			isa = PBXVariantGroup;
			children = (
				A066E5441CFD91820071F624 /* Base */,
			);
			name = LaunchScreen.storyboard;
			sourceTree = "<group>";
		};
/* End PBXVariantGroup section */

/* Begin XCBuildConfiguration section */
		A066E5471CFD91820071F624 /* Debug */ = {
			isa = XCBuildConfiguration;
			buildSettings = {
				ALWAYS_SEARCH_USER_PATHS = NO;
				CLANG_ANALYZER_NONNULL = YES;
				CLANG_CXX_LANGUAGE_STANDARD = "gnu++0x";
				CLANG_CXX_LIBRARY = "libc++";
				CLANG_ENABLE_MODULES = YES;
				CLANG_ENABLE_OBJC_ARC = YES;
				CLANG_WARN_BOOL_CONVERSION = YES;
				CLANG_WARN_CONSTANT_CONVERSION = YES;
				CLANG_WARN_DIRECT_OBJC_ISA_USAGE = YES_ERROR;
				CLANG_WARN_EMPTY_BODY = YES;
				CLANG_WARN_ENUM_CONVERSION = YES;
				CLANG_WARN_INT_CONVERSION = YES;
				CLANG_WARN_OBJC_ROOT_CLASS = YES_ERROR;
				CLANG_WARN_UNREACHABLE_CODE = YES;
				CLANG_WARN__DUPLICATE_METHOD_MATCH = YES;
				"CODE_SIGN_IDENTITY[sdk=iphoneos*]" = "iPhone Developer";
				COPY_PHASE_STRIP = NO;
				DEBUG_INFORMATION_FORMAT = dwarf;
				ENABLE_STRICT_OBJC_MSGSEND = YES;
				ENABLE_TESTABILITY = YES;
				GCC_C_LANGUAGE_STANDARD = gnu99;
				GCC_DYNAMIC_NO_PIC = NO;
				GCC_NO_COMMON_BLOCKS = YES;
				GCC_OPTIMIZATION_LEVEL = 0;
				GCC_PREPROCESSOR_DEFINITIONS = (
					"DEBUG=1",
					"$(inherited)",
				);
				GCC_WARN_64_TO_32_BIT_CONVERSION = YES;
				GCC_WARN_ABOUT_RETURN_TYPE = YES_ERROR;
				GCC_WARN_UNDECLARED_SELECTOR = YES;
				GCC_WARN_UNINITIALIZED_AUTOS = YES_AGGRESSIVE;
				GCC_WARN_UNUSED_FUNCTION = YES;
				GCC_WARN_UNUSED_VARIABLE = YES;
				IPHONEOS_DEPLOYMENT_TARGET = 9.3;
				MTL_ENABLE_DEBUG_INFO = YES;
				ONLY_ACTIVE_ARCH = YES;
				SDKROOT = iphoneos;
				TARGETED_DEVICE_FAMILY = "1,2";
			};
			name = Debug;
		};
		A066E5481CFD91820071F624 /* Release */ = {
			isa = XCBuildConfiguration;
			buildSettings = {
				ALWAYS_SEARCH_USER_PATHS = NO;
				CLANG_ANALYZER_NONNULL = YES;
				CLANG_CXX_LANGUAGE_STANDARD = "gnu++0x";
				CLANG_CXX_LIBRARY = "libc++";
				CLANG_ENABLE_MODULES = YES;
				CLANG_ENABLE_OBJC_ARC = YES;
				CLANG_WARN_BOOL_CONVERSION = YES;
				CLANG_WARN_CONSTANT_CONVERSION = YES;
				CLANG_WARN_DIRECT_OBJC_ISA_USAGE = YES_ERROR;
				CLANG_WARN_EMPTY_BODY = YES;
				CLANG_WARN_ENUM_CONVERSION = YES;
				CLANG_WARN_INT_CONVERSION = YES;
				CLANG_WARN_OBJC_ROOT_CLASS = YES_ERROR;
				CLANG_WARN_UNREACHABLE_CODE = YES;
				CLANG_WARN__DUPLICATE_METHOD_MATCH = YES;
				"CODE_SIGN_IDENTITY[sdk=iphoneos*]" = "iPhone Developer";
				COPY_PHASE_STRIP = NO;
				DEBUG_INFORMATION_FORMAT = "dwarf-with-dsym";
				ENABLE_NS_ASSERTIONS = NO;
				ENABLE_STRICT_OBJC_MSGSEND = YES;
				GCC_C_LANGUAGE_STANDARD = gnu99;
				GCC_NO_COMMON_BLOCKS = YES;
				GCC_WARN_64_TO_32_BIT_CONVERSION = YES;
				GCC_WARN_ABOUT_RETURN_TYPE = YES_ERROR;
				GCC_WARN_UNDECLARED_SELECTOR = YES;
				GCC_WARN_UNINITIALIZED_AUTOS = YES_AGGRESSIVE;
				GCC_WARN_UNUSED_FUNCTION = YES;
				GCC_WARN_UNUSED_VARIABLE = YES;
				IPHONEOS_DEPLOYMENT_TARGET = 9.3;
				MTL_ENABLE_DEBUG_INFO = NO;
				SDKROOT = iphoneos;
				TARGETED_DEVICE_FAMILY = "1,2";
				VALIDATE_PRODUCT = YES;
			};
			name = Release;
		};
		A066E54A1CFD91820071F624 /* Debug */ = {
			isa = XCBuildConfiguration;
			buildSettings = {
				ASSETCATALOG_COMPILER_APPICON_NAME = AppIcon;
				INFOPLIST_FILE = QYMusicPlay/Info.plist;
				LD_RUNPATH_SEARCH_PATHS = "$(inherited) @executable_path/Frameworks";
				PRODUCT_BUNDLE_IDENTIFIER = com.liuming.QYMusicPlay;
				PRODUCT_NAME = "$(TARGET_NAME)";
			};
			name = Debug;
		};
		A066E54B1CFD91820071F624 /* Release */ = {
			isa = XCBuildConfiguration;
			buildSettings = {
				ASSETCATALOG_COMPILER_APPICON_NAME = AppIcon;
				INFOPLIST_FILE = QYMusicPlay/Info.plist;
				LD_RUNPATH_SEARCH_PATHS = "$(inherited) @executable_path/Frameworks";
				PRODUCT_BUNDLE_IDENTIFIER = com.liuming.QYMusicPlay;
				PRODUCT_NAME = "$(TARGET_NAME)";
			};
			name = Release;
		};
/* End XCBuildConfiguration section */

/* Begin XCConfigurationList section */
		A066E52D1CFD91810071F624 /* Build configuration list for PBXProject "QYMusicPlay" */ = {
			isa = XCConfigurationList;
			buildConfigurations = (
				A066E5471CFD91820071F624 /* Debug */,
				A066E5481CFD91820071F624 /* Release */,
			);
			defaultConfigurationIsVisible = 0;
			defaultConfigurationName = Release;
		};
		A066E5491CFD91820071F624 /* Build configuration list for PBXNativeTarget "QYMusicPlay" */ = {
			isa = XCConfigurationList;
			buildConfigurations = (
				A066E54A1CFD91820071F624 /* Debug */,
				A066E54B1CFD91820071F624 /* Release */,
			);
			defaultConfigurationIsVisible = 0;
		};
/* End XCConfigurationList section */
	};
	rootObject = A066E52A1CFD91810071F624 /* Project object */;
}
